
Microsoft Visual Studio Solution File, Format Version 12.00
# Visual Studio Version 17
VisualStudioVersion = 17.4.33205.214
MinimumVisualStudioVersion = 10.0.40219.1
Project("{9A19103F-16F7-4668-BE54-9A1E7A4F7556}") = "MasterMind", "MasterMind.csproj", "{CCBDF15E-DB21-4F1A-8BB0-984382152225}"
EndProject
Project("{9A19103F-16F7-4668-BE54-9A1E7A4F7556}") = "MasterMindLibrary", "..\MasterMindLibrary\MasterMindLibrary.csproj", "{18D2C654-A3D8-427B-9AA9-B1469ACF05A1}"
EndProject
Project("{FAE04EC0-301F-11D3-BF4B-00C04F79EFBC}") = "MasterMindTest", "..\MasterMindTest\MasterMindTest.csproj", "{4F0B9E48-1EF4-4C46-9423-48C98985F66B}"
EndProject
Global
	GlobalSection(SolutionConfigurationPlatforms) = preSolution
		Debug|Any CPU = Debug|Any CPU
		Release|Any CPU = Release|Any CPU
	EndGlobalSection
	GlobalSection(ProjectConfigurationPlatforms) = postSolution
		{CCBDF15E-DB21-4F1A-8BB0-984382152225}.Debug|Any CPU.ActiveCfg = Debug|Any CPU
		{CCBDF15E-DB21-4F1A-8BB0-984382152225}.Debug|Any CPU.Build.0 = Debug|Any CPU
		{CCBDF15E-DB21-4F1A-8BB0-984382152225}.Release|Any CPU.ActiveCfg = Release|Any CPU
		{CCBDF15E-DB21-4F1A-8BB0-984382152225}.Release|Any CPU.Build.0 = Release|Any CPU
		{18D2C654-A3D8-427B-9AA9-B1469ACF05A1}.Debug|Any CPU.ActiveCfg = Debug|Any CPU
		{18D2C654-A3D8-427B-9AA9-B1469ACF05A1}.Debug|Any CPU.Build.0 = Debug|Any CPU
		{18D2C654-A3D8-427B-9AA9-B1469ACF05A1}.Release|Any CPU.ActiveCfg = Release|Any CPU
		{18D2C654-A3D8-427B-9AA9-B1469ACF05A1}.Release|Any CPU.Build.0 = Release|Any CPU
		{4F0B9E48-1EF4-4C46-9423-48C98985F66B}.Debug|Any CPU.ActiveCfg = Debug|Any CPU
		{4F0B9E48-1EF4-4C46-9423-48C98985F66B}.Debug|Any CPU.Build.0 = Debug|Any CPU
		{4F0B9E48-1EF4-4C46-9423-48C98985F66B}.Release|Any CPU.ActiveCfg = Release|Any CPU
		{4F0B9E48-1EF4-4C46-9423-48C98985F66B}.Release|Any CPU.Build.0 = Release|Any CPU
	EndGlobalSection
	GlobalSection(SolutionProperties) = preSolution
		HideSolutionNode = FALSE
	EndGlobalSection
	GlobalSection(ExtensibilityGlobals) = postSolution
		SolutionGuid = {F415793E-48D7-43E8-B3EB-F2D9DE7A8657}
	EndGlobalSection
EndGlobal
